
Microsoft Visual Studio Solution File, Format Version 12.00
# Visual Studio Version 16
VisualStudioVersion = 16.0.30114.105
MinimumVisualStudioVersion = 10.0.40219.1
Project("{2150E333-8FDC-42A3-9474-1A3956D46DE8}") = "Aggregator", "Aggregator", "{B7C78C20-51BE-447C-987E-5312A65A6EED}"
EndProject
Project("{FAE04EC0-301F-11D3-BF4B-00C04F79EFBC}") = "FeedR.Aggregator", "src\FeedR.Aggregator\FeedR.Aggregator.csproj", "{8C3D595A-28D9-44C4-923B-5462119CC17E}"
EndProject
Project("{2150E333-8FDC-42A3-9474-1A3956D46DE8}") = "Feeds", "Feeds", "{B093B15B-CB8E-4ACE-98F7-D4D1AE46DDAF}"
EndProject
Project("{2150E333-8FDC-42A3-9474-1A3956D46DE8}") = "News", "News", "{1F1E89AD-7477-4F13-80F4-5874DFE17A09}"
EndProject
Project("{2150E333-8FDC-42A3-9474-1A3956D46DE8}") = "Qoutes", "Qoutes", "{A227FB3F-954F-4DD3-A424-4F424CFD7028}"
EndProject
Project("{2150E333-8FDC-42A3-9474-1A3956D46DE8}") = "Weather", "Weather", "{4F946A1C-CA31-4F86-9FBF-721F3D64ACD8}"
EndProject
Project("{FAE04EC0-301F-11D3-BF4B-00C04F79EFBC}") = "FeedR.Feeds.News", "src\FeedR.Feeds.News\FeedR.Feeds.News.csproj", "{6BE2FC0E-0604-4375-A751-667437C09F19}"
EndProject
Project("{FAE04EC0-301F-11D3-BF4B-00C04F79EFBC}") = "FeedR.Feeds.Quotes", "src\FeedR.Feeds.Quotes\FeedR.Feeds.Quotes.csproj", "{EEA95D4D-7CFC-4E01-B54B-28B9BD573318}"
EndProject
Project("{FAE04EC0-301F-11D3-BF4B-00C04F79EFBC}") = "FeedR.Feeds.Weather", "src\FeedR.Feeds.Weather\FeedR.Feeds.Weather.csproj", "{C1F085FF-0A3D-40BF-AB13-150C91CD9B93}"
EndProject
Project("{2150E333-8FDC-42A3-9474-1A3956D46DE8}") = "Gateway", "Gateway", "{D390E6B6-A37B-4D46-A11E-6B60AAD12AB8}"
EndProject
Project("{2150E333-8FDC-42A3-9474-1A3956D46DE8}") = "Notifier", "Notifier", "{62259DC6-BC42-4705-9ABE-E431558B1069}"
EndProject
Project("{2150E333-8FDC-42A3-9474-1A3956D46DE8}") = "Shared", "Shared", "{978C9296-0197-41B6-9ACD-650AC70BA915}"
EndProject
Project("{FAE04EC0-301F-11D3-BF4B-00C04F79EFBC}") = "FeedR.Gateway", "src\FeedR.Gateway\FeedR.Gateway.csproj", "{CF1714AB-70CF-4294-A4A2-75F91BBE39BA}"
EndProject
Project("{FAE04EC0-301F-11D3-BF4B-00C04F79EFBC}") = "FeedR.Notifier", "src\FeedR.Notifier\FeedR.Notifier.csproj", "{17343EA3-E79B-4C8C-A780-DD2D2185E2EC}"
EndProject
Project("{FAE04EC0-301F-11D3-BF4B-00C04F79EFBC}") = "FeedR.Shared", "src\FeedR.Shared\FeedR.Shared.csproj", "{9A179E94-2512-4FA5-807C-D3A0BE057C12}"
EndProject
Global
	GlobalSection(SolutionConfigurationPlatforms) = preSolution
		Debug|Any CPU = Debug|Any CPU
		Release|Any CPU = Release|Any CPU
	EndGlobalSection
	GlobalSection(SolutionProperties) = preSolution
		HideSolutionNode = FALSE
	EndGlobalSection
	GlobalSection(ProjectConfigurationPlatforms) = postSolution
		{8C3D595A-28D9-44C4-923B-5462119CC17E}.Debug|Any CPU.ActiveCfg = Debug|Any CPU
		{8C3D595A-28D9-44C4-923B-5462119CC17E}.Debug|Any CPU.Build.0 = Debug|Any CPU
		{8C3D595A-28D9-44C4-923B-5462119CC17E}.Release|Any CPU.ActiveCfg = Release|Any CPU
		{8C3D595A-28D9-44C4-923B-5462119CC17E}.Release|Any CPU.Build.0 = Release|Any CPU
		{6BE2FC0E-0604-4375-A751-667437C09F19}.Debug|Any CPU.ActiveCfg = Debug|Any CPU
		{6BE2FC0E-0604-4375-A751-667437C09F19}.Debug|Any CPU.Build.0 = Debug|Any CPU
		{6BE2FC0E-0604-4375-A751-667437C09F19}.Release|Any CPU.ActiveCfg = Release|Any CPU
		{6BE2FC0E-0604-4375-A751-667437C09F19}.Release|Any CPU.Build.0 = Release|Any CPU
		{EEA95D4D-7CFC-4E01-B54B-28B9BD573318}.Debug|Any CPU.ActiveCfg = Debug|Any CPU
		{EEA95D4D-7CFC-4E01-B54B-28B9BD573318}.Debug|Any CPU.Build.0 = Debug|Any CPU
		{EEA95D4D-7CFC-4E01-B54B-28B9BD573318}.Release|Any CPU.ActiveCfg = Release|Any CPU
		{EEA95D4D-7CFC-4E01-B54B-28B9BD573318}.Release|Any CPU.Build.0 = Release|Any CPU
		{C1F085FF-0A3D-40BF-AB13-150C91CD9B93}.Debug|Any CPU.ActiveCfg = Debug|Any CPU
		{C1F085FF-0A3D-40BF-AB13-150C91CD9B93}.Debug|Any CPU.Build.0 = Debug|Any CPU
		{C1F085FF-0A3D-40BF-AB13-150C91CD9B93}.Release|Any CPU.ActiveCfg = Release|Any CPU
		{C1F085FF-0A3D-40BF-AB13-150C91CD9B93}.Release|Any CPU.Build.0 = Release|Any CPU
		{CF1714AB-70CF-4294-A4A2-75F91BBE39BA}.Debug|Any CPU.ActiveCfg = Debug|Any CPU
		{CF1714AB-70CF-4294-A4A2-75F91BBE39BA}.Debug|Any CPU.Build.0 = Debug|Any CPU
		{CF1714AB-70CF-4294-A4A2-75F91BBE39BA}.Release|Any CPU.ActiveCfg = Release|Any CPU
		{CF1714AB-70CF-4294-A4A2-75F91BBE39BA}.Release|Any CPU.Build.0 = Release|Any CPU
		{17343EA3-E79B-4C8C-A780-DD2D2185E2EC}.Debug|Any CPU.ActiveCfg = Debug|Any CPU
		{17343EA3-E79B-4C8C-A780-DD2D2185E2EC}.Debug|Any CPU.Build.0 = Debug|Any CPU
		{17343EA3-E79B-4C8C-A780-DD2D2185E2EC}.Release|Any CPU.ActiveCfg = Release|Any CPU
		{17343EA3-E79B-4C8C-A780-DD2D2185E2EC}.Release|Any CPU.Build.0 = Release|Any CPU
		{9A179E94-2512-4FA5-807C-D3A0BE057C12}.Debug|Any CPU.ActiveCfg = Debug|Any CPU
		{9A179E94-2512-4FA5-807C-D3A0BE057C12}.Debug|Any CPU.Build.0 = Debug|Any CPU
		{9A179E94-2512-4FA5-807C-D3A0BE057C12}.Release|Any CPU.ActiveCfg = Release|Any CPU
		{9A179E94-2512-4FA5-807C-D3A0BE057C12}.Release|Any CPU.Build.0 = Release|Any CPU
	EndGlobalSection
	GlobalSection(NestedProjects) = preSolution
		{8C3D595A-28D9-44C4-923B-5462119CC17E} = {B7C78C20-51BE-447C-987E-5312A65A6EED}
		{1F1E89AD-7477-4F13-80F4-5874DFE17A09} = {B093B15B-CB8E-4ACE-98F7-D4D1AE46DDAF}
		{A227FB3F-954F-4DD3-A424-4F424CFD7028} = {B093B15B-CB8E-4ACE-98F7-D4D1AE46DDAF}
		{4F946A1C-CA31-4F86-9FBF-721F3D64ACD8} = {B093B15B-CB8E-4ACE-98F7-D4D1AE46DDAF}
		{6BE2FC0E-0604-4375-A751-667437C09F19} = {1F1E89AD-7477-4F13-80F4-5874DFE17A09}
		{EEA95D4D-7CFC-4E01-B54B-28B9BD573318} = {A227FB3F-954F-4DD3-A424-4F424CFD7028}
		{C1F085FF-0A3D-40BF-AB13-150C91CD9B93} = {4F946A1C-CA31-4F86-9FBF-721F3D64ACD8}
		{CF1714AB-70CF-4294-A4A2-75F91BBE39BA} = {D390E6B6-A37B-4D46-A11E-6B60AAD12AB8}
		{17343EA3-E79B-4C8C-A780-DD2D2185E2EC} = {62259DC6-BC42-4705-9ABE-E431558B1069}
		{9A179E94-2512-4FA5-807C-D3A0BE057C12} = {978C9296-0197-41B6-9ACD-650AC70BA915}
	EndGlobalSection
EndGlobal
