
Microsoft Visual Studio Solution File, Format Version 12.00
# Visual Studio Version 17
VisualStudioVersion = 17.0.32112.339
MinimumVisualStudioVersion = 10.0.40219.1
Project("{2150E333-8FDC-42A3-9474-1A3956D46DE8}") = "Aggregator", "Aggregator", "{B7C78C20-51BE-447C-987E-5312A65A6EED}"
EndProject
Project("{2150E333-8FDC-42A3-9474-1A3956D46DE8}") = "Feeds", "Feeds", "{B093B15B-CB8E-4ACE-98F7-D4D1AE46DDAF}"
EndProject
Project("{2150E333-8FDC-42A3-9474-1A3956D46DE8}") = "News", "News", "{1F1E89AD-7477-4F13-80F4-5874DFE17A09}"
EndProject
Project("{2150E333-8FDC-42A3-9474-1A3956D46DE8}") = "Quotes", "Quotes", "{A227FB3F-954F-4DD3-A424-4F424CFD7028}"
EndProject
Project("{2150E333-8FDC-42A3-9474-1A3956D46DE8}") = "Weather", "Weather", "{4F946A1C-CA31-4F86-9FBF-721F3D64ACD8}"
EndProject
Project("{2150E333-8FDC-42A3-9474-1A3956D46DE8}") = "Gateway", "Gateway", "{D390E6B6-A37B-4D46-A11E-6B60AAD12AB8}"
EndProject
Project("{2150E333-8FDC-42A3-9474-1A3956D46DE8}") = "Notifier", "Notifier", "{62259DC6-BC42-4705-9ABE-E431558B1069}"
EndProject
Project("{2150E333-8FDC-42A3-9474-1A3956D46DE8}") = "Shared", "Shared", "{978C9296-0197-41B6-9ACD-650AC70BA915}"
EndProject
Project("{2150E333-8FDC-42A3-9474-1A3956D46DE8}") = "Solution Items", "Solution Items", "{A991A7CC-50D6-47CB-AE12-2C22627AB358}"
	ProjectSection(SolutionItems) = preProject
		pm2.yaml = pm2.yaml
		tye.yaml = tye.yaml
	EndProjectSection
EndProject
Project("{9A19103F-16F7-4668-BE54-9A1E7A4F7556}") = "FeedR.Aggregator", "src\Aggregator\FeedR.Aggregator\FeedR.Aggregator.csproj", "{8780D34C-89FF-46DB-9A42-8ECF046BEEEE}"
EndProject
Project("{9A19103F-16F7-4668-BE54-9A1E7A4F7556}") = "FeedR.Feeds.News", "src\Feeds\News\FeedR.Feeds.News\FeedR.Feeds.News.csproj", "{3E732A73-A775-451A-84A9-DDDF812980EF}"
EndProject
Project("{9A19103F-16F7-4668-BE54-9A1E7A4F7556}") = "FeedR.Feeds.Weather", "src\Feeds\Weather\FeedR.Feeds.Weather\FeedR.Feeds.Weather.csproj", "{B439D9A8-010A-448D-B0B6-A57A275F6137}"
EndProject
Project("{9A19103F-16F7-4668-BE54-9A1E7A4F7556}") = "FeedR.Gateway", "src\Gateway\FeedR.Gateway\FeedR.Gateway.csproj", "{51CD568D-335C-4ED1-B863-C485DBE0A4C6}"
EndProject
Project("{9A19103F-16F7-4668-BE54-9A1E7A4F7556}") = "FeedR.Notifier", "src\Notifier\FeedR.Notifier\FeedR.Notifier.csproj", "{CFE67BB5-B6E3-4C2C-9CBC-35F27D6E2238}"
EndProject
Project("{9A19103F-16F7-4668-BE54-9A1E7A4F7556}") = "FeedR.Feeds.Quotes", "src\Feeds\Quotes\FeedR.Feeds.Quotes\FeedR.Feeds.Quotes.csproj", "{4BB9BE17-41E3-432C-902E-12DD82682B74}"
EndProject
Project("{E53339B2-1760-4266-BCC7-CA923CBCF16C}") = "docker-compose", "docker-compose.dcproj", "{77265F4D-B0D6-4100-9130-9E4646832834}"
EndProject
Project("{FAE04EC0-301F-11D3-BF4B-00C04F79EFBC}") = "FeedR.Shared", "src\Shared\FeedR.Shared\FeedR.Shared.csproj", "{A2DBE7E8-5C2C-4AF3-9BFF-C83389D9AA2F}"
EndProject
Global
	GlobalSection(SolutionConfigurationPlatforms) = preSolution
		Debug|Any CPU = Debug|Any CPU
		Release|Any CPU = Release|Any CPU
	EndGlobalSection
	GlobalSection(ProjectConfigurationPlatforms) = postSolution
		{8780D34C-89FF-46DB-9A42-8ECF046BEEEE}.Debug|Any CPU.ActiveCfg = Debug|Any CPU
		{8780D34C-89FF-46DB-9A42-8ECF046BEEEE}.Debug|Any CPU.Build.0 = Debug|Any CPU
		{8780D34C-89FF-46DB-9A42-8ECF046BEEEE}.Release|Any CPU.ActiveCfg = Release|Any CPU
		{8780D34C-89FF-46DB-9A42-8ECF046BEEEE}.Release|Any CPU.Build.0 = Release|Any CPU
		{3E732A73-A775-451A-84A9-DDDF812980EF}.Debug|Any CPU.ActiveCfg = Debug|Any CPU
		{3E732A73-A775-451A-84A9-DDDF812980EF}.Debug|Any CPU.Build.0 = Debug|Any CPU
		{3E732A73-A775-451A-84A9-DDDF812980EF}.Release|Any CPU.ActiveCfg = Release|Any CPU
		{3E732A73-A775-451A-84A9-DDDF812980EF}.Release|Any CPU.Build.0 = Release|Any CPU
		{B439D9A8-010A-448D-B0B6-A57A275F6137}.Debug|Any CPU.ActiveCfg = Debug|Any CPU
		{B439D9A8-010A-448D-B0B6-A57A275F6137}.Debug|Any CPU.Build.0 = Debug|Any CPU
		{B439D9A8-010A-448D-B0B6-A57A275F6137}.Release|Any CPU.ActiveCfg = Release|Any CPU
		{B439D9A8-010A-448D-B0B6-A57A275F6137}.Release|Any CPU.Build.0 = Release|Any CPU
		{51CD568D-335C-4ED1-B863-C485DBE0A4C6}.Debug|Any CPU.ActiveCfg = Debug|Any CPU
		{51CD568D-335C-4ED1-B863-C485DBE0A4C6}.Debug|Any CPU.Build.0 = Debug|Any CPU
		{51CD568D-335C-4ED1-B863-C485DBE0A4C6}.Release|Any CPU.ActiveCfg = Release|Any CPU
		{51CD568D-335C-4ED1-B863-C485DBE0A4C6}.Release|Any CPU.Build.0 = Release|Any CPU
		{CFE67BB5-B6E3-4C2C-9CBC-35F27D6E2238}.Debug|Any CPU.ActiveCfg = Debug|Any CPU
		{CFE67BB5-B6E3-4C2C-9CBC-35F27D6E2238}.Debug|Any CPU.Build.0 = Debug|Any CPU
		{CFE67BB5-B6E3-4C2C-9CBC-35F27D6E2238}.Release|Any CPU.ActiveCfg = Release|Any CPU
		{CFE67BB5-B6E3-4C2C-9CBC-35F27D6E2238}.Release|Any CPU.Build.0 = Release|Any CPU
		{4BB9BE17-41E3-432C-902E-12DD82682B74}.Debug|Any CPU.ActiveCfg = Debug|Any CPU
		{4BB9BE17-41E3-432C-902E-12DD82682B74}.Debug|Any CPU.Build.0 = Debug|Any CPU
		{4BB9BE17-41E3-432C-902E-12DD82682B74}.Release|Any CPU.ActiveCfg = Release|Any CPU
		{4BB9BE17-41E3-432C-902E-12DD82682B74}.Release|Any CPU.Build.0 = Release|Any CPU
		{77265F4D-B0D6-4100-9130-9E4646832834}.Debug|Any CPU.ActiveCfg = Debug|Any CPU
		{77265F4D-B0D6-4100-9130-9E4646832834}.Debug|Any CPU.Build.0 = Debug|Any CPU
		{77265F4D-B0D6-4100-9130-9E4646832834}.Release|Any CPU.ActiveCfg = Release|Any CPU
		{77265F4D-B0D6-4100-9130-9E4646832834}.Release|Any CPU.Build.0 = Release|Any CPU
		{A2DBE7E8-5C2C-4AF3-9BFF-C83389D9AA2F}.Debug|Any CPU.ActiveCfg = Debug|Any CPU
		{A2DBE7E8-5C2C-4AF3-9BFF-C83389D9AA2F}.Debug|Any CPU.Build.0 = Debug|Any CPU
		{A2DBE7E8-5C2C-4AF3-9BFF-C83389D9AA2F}.Release|Any CPU.ActiveCfg = Release|Any CPU
		{A2DBE7E8-5C2C-4AF3-9BFF-C83389D9AA2F}.Release|Any CPU.Build.0 = Release|Any CPU
	EndGlobalSection
	GlobalSection(SolutionProperties) = preSolution
		HideSolutionNode = FALSE
	EndGlobalSection
	GlobalSection(NestedProjects) = preSolution
		{1F1E89AD-7477-4F13-80F4-5874DFE17A09} = {B093B15B-CB8E-4ACE-98F7-D4D1AE46DDAF}
		{A227FB3F-954F-4DD3-A424-4F424CFD7028} = {B093B15B-CB8E-4ACE-98F7-D4D1AE46DDAF}
		{4F946A1C-CA31-4F86-9FBF-721F3D64ACD8} = {B093B15B-CB8E-4ACE-98F7-D4D1AE46DDAF}
		{8780D34C-89FF-46DB-9A42-8ECF046BEEEE} = {B7C78C20-51BE-447C-987E-5312A65A6EED}
		{3E732A73-A775-451A-84A9-DDDF812980EF} = {1F1E89AD-7477-4F13-80F4-5874DFE17A09}
		{B439D9A8-010A-448D-B0B6-A57A275F6137} = {4F946A1C-CA31-4F86-9FBF-721F3D64ACD8}
		{51CD568D-335C-4ED1-B863-C485DBE0A4C6} = {D390E6B6-A37B-4D46-A11E-6B60AAD12AB8}
		{CFE67BB5-B6E3-4C2C-9CBC-35F27D6E2238} = {62259DC6-BC42-4705-9ABE-E431558B1069}
		{4BB9BE17-41E3-432C-902E-12DD82682B74} = {A227FB3F-954F-4DD3-A424-4F424CFD7028}
		{A2DBE7E8-5C2C-4AF3-9BFF-C83389D9AA2F} = {978C9296-0197-41B6-9ACD-650AC70BA915}
	EndGlobalSection
	GlobalSection(ExtensibilityGlobals) = postSolution
		SolutionGuid = {10EA763D-A65E-464C-BE5E-B7927B7AA277}
	EndGlobalSection
EndGlobal
